// !$*UTF8*$!
{
	archiveVersion = 1;
	classes = {
	};
	objectVersion = 46;
	objects = {

/* Begin PBXBuildFile section */
		BA0037DC19E2719700F86CFB /* AppDelegate.swift in Sources */ = {isa = PBXBuildFile; fileRef = BA0037DB19E2719700F86CFB /* AppDelegate.swift */; };
		BA0037DE19E2719700F86CFB /* ViewController.swift in Sources */ = {isa = PBXBuildFile; fileRef = BA0037DD19E2719700F86CFB /* ViewController.swift */; };
		BA0037E119E2719800F86CFB /* Main.storyboard in Resources */ = {isa = PBXBuildFile; fileRef = BA0037DF19E2719800F86CFB /* Main.storyboard */; };
		BA0037E319E2719800F86CFB /* Images.xcassets in Resources */ = {isa = PBXBuildFile; fileRef = BA0037E219E2719800F86CFB /* Images.xcassets */; };
		BA0037E619E2719800F86CFB /* LaunchScreen.xib in Resources */ = {isa = PBXBuildFile; fileRef = BA0037E419E2719800F86CFB /* LaunchScreen.xib */; };
		BA0037F219E2719900F86CFB /* PostcardTests.swift in Sources */ = {isa = PBXBuildFile; fileRef = BA0037F119E2719900F86CFB /* PostcardTests.swift */; };
/* End PBXBuildFile section */

/* Begin PBXContainerItemProxy section */
		BA0037EC19E2719900F86CFB /* PBXContainerItemProxy */ = {
			isa = PBXContainerItemProxy;
			containerPortal = BA0037CE19E2719700F86CFB /* Project object */;
			proxyType = 1;
			remoteGlobalIDString = BA0037D519E2719700F86CFB;
			remoteInfo = Postcard;
		};
/* End PBXContainerItemProxy section */

/* Begin PBXFileReference section */
		BA0037D619E2719700F86CFB /* Postcard.app */ = {isa = PBXFileReference; explicitFileType = wrapper.application; includeInIndex = 0; path = Postcard.app; sourceTree = BUILT_PRODUCTS_DIR; };
		BA0037DA19E2719700F86CFB /* Info.plist */ = {isa = PBXFileReference; lastKnownFileType = text.plist.xml; path = Info.plist; sourceTree = "<group>"; };
		BA0037DB19E2719700F86CFB /* AppDelegate.swift */ = {isa = PBXFileReference; lastKnownFileType = sourcecode.swift; path = AppDelegate.swift; sourceTree = "<group>"; };
		BA0037DD19E2719700F86CFB /* ViewController.swift */ = {isa = PBXFileReference; lastKnownFileType = sourcecode.swift; path = ViewController.swift; sourceTree = "<group>"; };
		BA0037E019E2719800F86CFB /* Base */ = {isa = PBXFileReference; lastKnownFileType = file.storyboard; name = Base; path = Base.lproj/Main.storyboard; sourceTree = "<group>"; };
		BA0037E219E2719800F86CFB /* Images.xcassets */ = {isa = PBXFileReference; lastKnownFileType = folder.assetcatalog; path = Images.xcassets; sourceTree = "<group>"; };
		BA0037E519E2719800F86CFB /* Base */ = {isa = PBXFileReference; lastKnownFileType = file.xib; name = Base; path = Base.lproj/LaunchScreen.xib; sourceTree = "<group>"; };
		BA0037EB19E2719900F86CFB /* PostcardTests.xctest */ = {isa = PBXFileReference; explicitFileType = wrapper.cfbundle; includeInIndex = 0; path = PostcardTests.xctest; sourceTree = BUILT_PRODUCTS_DIR; };
		BA0037F019E2719900F86CFB /* Info.plist */ = {isa = PBXFileReference; lastKnownFileType = text.plist.xml; path = Info.plist; sourceTree = "<group>"; };
		BA0037F119E2719900F86CFB /* PostcardTests.swift */ = {isa = PBXFileReference; lastKnownFileType = sourcecode.swift; path = PostcardTests.swift; sourceTree = "<group>"; };
/* End PBXFileReference section */

/* Begin PBXFrameworksBuildPhase section */
		BA0037D319E2719700F86CFB /* Frameworks */ = {
			isa = PBXFrameworksBuildPhase;
			buildActionMask = 2147483647;
			files = (
			);
			runOnlyForDeploymentPostprocessing = 0;
		};
		BA0037E819E2719900F86CFB /* Frameworks */ = {
			isa = PBXFrameworksBuildPhase;
			buildActionMask = 2147483647;
			files = (
			);
			runOnlyForDeploymentPostprocessing = 0;
		};
/* End PBXFrameworksBuildPhase section */

/* Begin PBXGroup section */
		BA0037CD19E2719700F86CFB = {
			isa = PBXGroup;
			children = (
				BA0037D819E2719700F86CFB /* Postcard */,
				BA0037EE19E2719900F86CFB /* PostcardTests */,
				BA0037D719E2719700F86CFB /* Products */,
			);
			sourceTree = "<group>";
		};
		BA0037D719E2719700F86CFB /* Products */ = {
			isa = PBXGroup;
			children = (
				BA0037D619E2719700F86CFB /* Postcard.app */,
				BA0037EB19E2719900F86CFB /* PostcardTests.xctest */,
			);
			name = Products;
			sourceTree = "<group>";
		};
		BA0037D819E2719700F86CFB /* Postcard */ = {
			isa = PBXGroup;
			children = (
				BA0037DB19E2719700F86CFB /* AppDelegate.swift */,
				BA0037DD19E2719700F86CFB /* ViewController.swift */,
				BA0037DF19E2719800F86CFB /* Main.storyboard */,
				BA0037E219E2719800F86CFB /* Images.xcassets */,
				BA0037E419E2719800F86CFB /* LaunchScreen.xib */,
				BA0037D919E2719700F86CFB /* Supporting Files */,
			);
			path = Postcard;
			sourceTree = "<group>";
		};
		BA0037D919E2719700F86CFB /* Supporting Files */ = {
			isa = PBXGroup;
			children = (
				BA0037DA19E2719700F86CFB /* Info.plist */,
			);
			name = "Supporting Files";
			sourceTree = "<group>";
		};
		BA0037EE19E2719900F86CFB /* PostcardTests */ = {
			isa = PBXGroup;
			children = (
				BA0037F119E2719900F86CFB /* PostcardTests.swift */,
				BA0037EF19E2719900F86CFB /* Supporting Files */,
			);
			path = PostcardTests;
			sourceTree = "<group>";
		};
		BA0037EF19E2719900F86CFB /* Supporting Files */ = {
			isa = PBXGroup;
			children = (
				BA0037F019E2719900F86CFB /* Info.plist */,
			);
			name = "Supporting Files";
			sourceTree = "<group>";
		};
/* End PBXGroup section */

/* Begin PBXNativeTarget section */
		BA0037D519E2719700F86CFB /* Postcard */ = {
			isa = PBXNativeTarget;
			buildConfigurationList = BA0037F519E2719900F86CFB /* Build configuration list for PBXNativeTarget "Postcard" */;
			buildPhases = (
				BA0037D219E2719700F86CFB /* Sources */,
				BA0037D319E2719700F86CFB /* Frameworks */,
				BA0037D419E2719700F86CFB /* Resources */,
			);
			buildRules = (
			);
			dependencies = (
			);
			name = Postcard;
			productName = Postcard;
			productReference = BA0037D619E2719700F86CFB /* Postcard.app */;
			productType = "com.apple.product-type.application";
		};
		BA0037EA19E2719900F86CFB /* PostcardTests */ = {
			isa = PBXNativeTarget;
			buildConfigurationList = BA0037F819E2719900F86CFB /* Build configuration list for PBXNativeTarget "PostcardTests" */;
			buildPhases = (
				BA0037E719E2719900F86CFB /* Sources */,
				BA0037E819E2719900F86CFB /* Frameworks */,
				BA0037E919E2719900F86CFB /* Resources */,
			);
			buildRules = (
			);
			dependencies = (
				BA0037ED19E2719900F86CFB /* PBXTargetDependency */,
			);
			name = PostcardTests;
			productName = PostcardTests;
			productReference = BA0037EB19E2719900F86CFB /* PostcardTests.xctest */;
			productType = "com.apple.product-type.bundle.unit-test";
		};
/* End PBXNativeTarget section */

/* Begin PBXProject section */
		BA0037CE19E2719700F86CFB /* Project object */ = {
			isa = PBXProject;
			attributes = {
				LastUpgradeCheck = 0600;
				ORGANIZATIONNAME = Lochlan;
				TargetAttributes = {
					BA0037D519E2719700F86CFB = {
						CreatedOnToolsVersion = 6.0.1;
					};
					BA0037EA19E2719900F86CFB = {
						CreatedOnToolsVersion = 6.0.1;
						TestTargetID = BA0037D519E2719700F86CFB;
					};
				};
			};
			buildConfigurationList = BA0037D119E2719700F86CFB /* Build configuration list for PBXProject "Postcard" */;
			compatibilityVersion = "Xcode 3.2";
			developmentRegion = English;
			hasScannedForEncodings = 0;
			knownRegions = (
				en,
				Base,
			);
			mainGroup = BA0037CD19E2719700F86CFB;
			productRefGroup = BA0037D719E2719700F86CFB /* Products */;
			projectDirPath = "";
			projectRoot = "";
			targets = (
				BA0037D519E2719700F86CFB /* Postcard */,
				BA0037EA19E2719900F86CFB /* PostcardTests */,
			);
		};
/* End PBXProject section */

/* Begin PBXResourcesBuildPhase section */
		BA0037D419E2719700F86CFB /* Resources */ = {
			isa = PBXResourcesBuildPhase;
			buildActionMask = 2147483647;
			files = (
				BA0037E119E2719800F86CFB /* Main.storyboard in Resources */,
				BA0037E619E2719800F86CFB /* LaunchScreen.xib in Resources */,
				BA0037E319E2719800F86CFB /* Images.xcassets in Resources */,
			);
			runOnlyForDeploymentPostprocessing = 0;
		};
		BA0037E919E2719900F86CFB /* Resources */ = {
			isa = PBXResourcesBuildPhase;
			buildActionMask = 2147483647;
			files = (
			);
			runOnlyForDeploymentPostprocessing = 0;
		};
/* End PBXResourcesBuildPhase section */

/* Begin PBXSourcesBuildPhase section */
		BA0037D219E2719700F86CFB /* Sources */ = {
			isa = PBXSourcesBuildPhase;
			buildActionMask = 2147483647;
			files = (
				BA0037DE19E2719700F86CFB /* ViewController.swift in Sources */,
				BA0037DC19E2719700F86CFB /* AppDelegate.swift in Sources */,
			);
			runOnlyForDeploymentPostprocessing = 0;
		};
		BA0037E719E2719900F86CFB /* Sources */ = {
			isa = PBXSourcesBuildPhase;
			buildActionMask = 2147483647;
			files = (
				BA0037F219E2719900F86CFB /* PostcardTests.swift in Sources */,
			);
			runOnlyForDeploymentPostprocessing = 0;
		};
/* End PBXSourcesBuildPhase section */

/* Begin PBXTargetDependency section */
		BA0037ED19E2719900F86CFB /* PBXTargetDependency */ = {
			isa = PBXTargetDependency;
			target = BA0037D519E2719700F86CFB /* Postcard */;
			targetProxy = BA0037EC19E2719900F86CFB /* PBXContainerItemProxy */;
		};
/* End PBXTargetDependency section */

/* Begin PBXVariantGroup section */
		BA0037DF19E2719800F86CFB /* Main.storyboard */ = {
			isa = PBXVariantGroup;
			children = (
				BA0037E019E2719800F86CFB /* Base */,
			);
			name = Main.storyboard;
			sourceTree = "<group>";
		};
		BA0037E419E2719800F86CFB /* LaunchScreen.xib */ = {
			isa = PBXVariantGroup;
			children = (
				BA0037E519E2719800F86CFB /* Base */,
			);
			name = LaunchScreen.xib;
			sourceTree = "<group>";
		};
/* End PBXVariantGroup section */

/* Begin XCBuildConfiguration section */
		BA0037F319E2719900F86CFB /* Debug */ = {
			isa = XCBuildConfiguration;
			buildSettings = {
				ALWAYS_SEARCH_USER_PATHS = NO;
				CLANG_CXX_LANGUAGE_STANDARD = "gnu++0x";
				CLANG_CXX_LIBRARY = "libc++";
				CLANG_ENABLE_MODULES = YES;
				CLANG_ENABLE_OBJC_ARC = YES;
				CLANG_WARN_BOOL_CONVERSION = YES;
				CLANG_WARN_CONSTANT_CONVERSION = YES;
				CLANG_WARN_DIRECT_OBJC_ISA_USAGE = YES_ERROR;
				CLANG_WARN_EMPTY_BODY = YES;
				CLANG_WARN_ENUM_CONVERSION = YES;
				CLANG_WARN_INT_CONVERSION = YES;
				CLANG_WARN_OBJC_ROOT_CLASS = YES_ERROR;
				CLANG_WARN_UNREACHABLE_CODE = YES;
				CLANG_WARN__DUPLICATE_METHOD_MATCH = YES;
				"CODE_SIGN_IDENTITY[sdk=iphoneos*]" = "iPhone Developer";
				COPY_PHASE_STRIP = NO;
				ENABLE_STRICT_OBJC_MSGSEND = YES;
				GCC_C_LANGUAGE_STANDARD = gnu99;
				GCC_DYNAMIC_NO_PIC = NO;
				GCC_OPTIMIZATION_LEVEL = 0;
				GCC_PREPROCESSOR_DEFINITIONS = (
					"DEBUG=1",
					"$(inherited)",
				);
				GCC_SYMBOLS_PRIVATE_EXTERN = NO;
				GCC_WARN_64_TO_32_BIT_CONVERSION = YES;
				GCC_WARN_ABOUT_RETURN_TYPE = YES_ERROR;
				GCC_WARN_UNDECLARED_SELECTOR = YES;
				GCC_WARN_UNINITIALIZED_AUTOS = YES_AGGRESSIVE;
				GCC_WARN_UNUSED_FUNCTION = YES;
				GCC_WARN_UNUSED_VARIABLE = YES;
				IPHONEOS_DEPLOYMENT_TARGET = 8.0;
				MTL_ENABLE_DEBUG_INFO = YES;
				ONLY_ACTIVE_ARCH = YES;
				SDKROOT = iphoneos;
				SWIFT_OPTIMIZATION_LEVEL = "-Onone";
				TARGETED_DEVICE_FAMILY = "1,2";
			};
			name = Debug;
		};
		BA0037F419E2719900F86CFB /* Release */ = {
			isa = XCBuildConfiguration;
			buildSettings = {
				ALWAYS_SEARCH_USER_PATHS = NO;
				CLANG_CXX_LANGUAGE_STANDARD = "gnu++0x";
				CLANG_CXX_LIBRARY = "libc++";
				CLANG_ENABLE_MODULES = YES;
				CLANG_ENABLE_OBJC_ARC = YES;
				CLANG_WARN_BOOL_CONVERSION = YES;
				CLANG_WARN_CONSTANT_CONVERSION = YES;
				CLANG_WARN_DIRECT_OBJC_ISA_USAGE = YES_ERROR;
				CLANG_WARN_EMPTY_BODY = YES;
				CLANG_WARN_ENUM_CONVERSION = YES;
				CLANG_WARN_INT_CONVERSION = YES;
				CLANG_WARN_OBJC_ROOT_CLASS = YES_ERROR;
				CLANG_WARN_UNREACHABLE_CODE = YES;
				CLANG_WARN__DUPLICATE_METHOD_MATCH = YES;
				"CODE_SIGN_IDENTITY[sdk=iphoneos*]" = "iPhone Developer";
				COPY_PHASE_STRIP = YES;
				ENABLE_NS_ASSERTIONS = NO;
				ENABLE_STRICT_OBJC_MSGSEND = YES;
				GCC_C_LANGUAGE_STANDARD = gnu99;
				GCC_WARN_64_TO_32_BIT_CONVERSION = YES;
				GCC_WARN_ABOUT_RETURN_TYPE = YES_ERROR;
				GCC_WARN_UNDECLARED_SELECTOR = YES;
				GCC_WARN_UNINITIALIZED_AUTOS = YES_AGGRESSIVE;
				GCC_WARN_UNUSED_FUNCTION = YES;
				GCC_WARN_UNUSED_VARIABLE = YES;
				IPHONEOS_DEPLOYMENT_TARGET = 8.0;
				MTL_ENABLE_DEBUG_INFO = NO;
				SDKROOT = iphoneos;
				TARGETED_DEVICE_FAMILY = "1,2";
				VALIDATE_PRODUCT = YES;
			};
			name = Release;
		};
		BA0037F619E2719900F86CFB /* Debug */ = {
			isa = XCBuildConfiguration;
			buildSettings = {
				ASSETCATALOG_COMPILER_APPICON_NAME = AppIcon;
				INFOPLIST_FILE = Postcard/Info.plist;
				LD_RUNPATH_SEARCH_PATHS = "$(inherited) @executable_path/Frameworks";
				PRODUCT_NAME = "$(TARGET_NAME)";
			};
			name = Debug;
		};
		BA0037F719E2719900F86CFB /* Release */ = {
			isa = XCBuildConfiguration;
			buildSettings = {
				ASSETCATALOG_COMPILER_APPICON_NAME = AppIcon;
				INFOPLIST_FILE = Postcard/Info.plist;
				LD_RUNPATH_SEARCH_PATHS = "$(inherited) @executable_path/Frameworks";
				PRODUCT_NAME = "$(TARGET_NAME)";
			};
			name = Release;
		};
		BA0037F919E2719900F86CFB /* Debug */ = {
			isa = XCBuildConfiguration;
			buildSettings = {
				BUNDLE_LOADER = "$(TEST_HOST)";
				FRAMEWORK_SEARCH_PATHS = (
					"$(SDKROOT)/Developer/Library/Frameworks",
					"$(inherited)",
				);
				GCC_PREPROCESSOR_DEFINITIONS = (
					"DEBUG=1",
					"$(inherited)",
				);
				INFOPLIST_FILE = PostcardTests/Info.plist;
				LD_RUNPATH_SEARCH_PATHS = "$(inherited) @executable_path/Frameworks @loader_path/Frameworks";
				PRODUCT_NAME = "$(TARGET_NAME)";
				TEST_HOST = "$(BUILT_PRODUCTS_DIR)/Postcard.app/Postcard";
			};
			name = Debug;
		};
		BA0037FA19E2719900F86CFB /* Release */ = {
			isa = XCBuildConfiguration;
			buildSettings = {
				BUNDLE_LOADER = "$(TEST_HOST)";
				FRAMEWORK_SEARCH_PATHS = (
					"$(SDKROOT)/Developer/Library/Frameworks",
					"$(inherited)",
				);
				INFOPLIST_FILE = PostcardTests/Info.plist;
				LD_RUNPATH_SEARCH_PATHS = "$(inherited) @executable_path/Frameworks @loader_path/Frameworks";
				PRODUCT_NAME = "$(TARGET_NAME)";
				TEST_HOST = "$(BUILT_PRODUCTS_DIR)/Postcard.app/Postcard";
			};
			name = Release;
		};
/* End XCBuildConfiguration section */

/* Begin XCConfigurationList section */
		BA0037D119E2719700F86CFB /* Build configuration list for PBXProject "Postcard" */ = {
			isa = XCConfigurationList;
			buildConfigurations = (
				BA0037F319E2719900F86CFB /* Debug */,
				BA0037F419E2719900F86CFB /* Release */,
			);
			defaultConfigurationIsVisible = 0;
			defaultConfigurationName = Release;
		};
		BA0037F519E2719900F86CFB /* Build configuration list for PBXNativeTarget "Postcard" */ = {
			isa = XCConfigurationList;
			buildConfigurations = (
				BA0037F619E2719900F86CFB /* Debug */,
				BA0037F719E2719900F86CFB /* Release */,
			);
			defaultConfigurationIsVisible = 0;
		};
		BA0037F819E2719900F86CFB /* Build configuration list for PBXNativeTarget "PostcardTests" */ = {
			isa = XCConfigurationList;
			buildConfigurations = (
				BA0037F919E2719900F86CFB /* Debug */,
				BA0037FA19E2719900F86CFB /* Release */,
			);
			defaultConfigurationIsVisible = 0;
		};
/* End XCConfigurationList section */
	};
	rootObject = BA0037CE19E2719700F86CFB /* Project object */;
}
